PODS:
  - Kingfisher (5.14.0):
    - Kingfisher/Core (= 5.14.0)
  - Kingfisher/Core (5.14.0)

DEPENDENCIES:
  - Kingfisher (~> 5.0)

SPEC REPOS:
  trunk:
    - Kingfisher

SPEC CHECKSUMS:
  Kingfisher: 7b64389a43139c903ec434788344c288217c792d

PODFILE CHECKSUM: e973a5aca8740d1cc8a32204031c683dbb3709b6

COCOAPODS: 1.9.2
