// !$*UTF8*$!
{
	archiveVersion = 1;
	classes = {
	};
	objectVersion = 51;
	objects = {

/* Begin PBXBuildFile section */
		2C10499324B3AFD600F32489 /* String+Extension.swift in Sources */ = {isa = PBXBuildFile; fileRef = 2C10499224B3AFD600F32489 /* String+Extension.swift */; };
		2C10499724B490E800F32489 /* Genre.swift in Sources */ = {isa = PBXBuildFile; fileRef = 2C10499624B490E800F32489 /* Genre.swift */; };
		2C69D1AD24B8FC8800186620 /* Cast.swift in Sources */ = {isa = PBXBuildFile; fileRef = 2C69D1AC24B8FC8800186620 /* Cast.swift */; };
		2C69D1AF24B8FE5700186620 /* Credits.swift in Sources */ = {isa = PBXBuildFile; fileRef = 2C69D1AE24B8FE5700186620 /* Credits.swift */; };
		2C69D1B124B9007A00186620 /* CastCollectionViewCell.swift in Sources */ = {isa = PBXBuildFile; fileRef = 2C69D1B024B9007A00186620 /* CastCollectionViewCell.swift */; };
		2C69D1B624B90DC000186620 /* Search.storyboard in Resources */ = {isa = PBXBuildFile; fileRef = 2C69D1B524B90DC000186620 /* Search.storyboard */; };
		2C69D1BA24B9117200186620 /* FiraSansExtraCondensed-Regular.ttf in Resources */ = {isa = PBXBuildFile; fileRef = 2C69D1B724B9117100186620 /* FiraSansExtraCondensed-Regular.ttf */; };
		2C69D1BB24B9117200186620 /* FiraSansExtraCondensed-Medium.ttf in Resources */ = {isa = PBXBuildFile; fileRef = 2C69D1B824B9117100186620 /* FiraSansExtraCondensed-Medium.ttf */; };
		2C69D1BC24B9117200186620 /* FiraSansExtraCondensed-Light.ttf in Resources */ = {isa = PBXBuildFile; fileRef = 2C69D1B924B9117200186620 /* FiraSansExtraCondensed-Light.ttf */; };
		2C70175424BA03EF008D9EF5 /* SearchViewController.swift in Sources */ = {isa = PBXBuildFile; fileRef = 2C70175324BA03EF008D9EF5 /* SearchViewController.swift */; };
		2C70175624BA055B008D9EF5 /* SearchTableViewCell.swift in Sources */ = {isa = PBXBuildFile; fileRef = 2C70175524BA055B008D9EF5 /* SearchTableViewCell.swift */; };
		2C70175924BA0715008D9EF5 /* GenreConvert.swift in Sources */ = {isa = PBXBuildFile; fileRef = 2C70175824BA0715008D9EF5 /* GenreConvert.swift */; };
		2C70175F24BA4DEF008D9EF5 /* HomeScreen.storyboard in Resources */ = {isa = PBXBuildFile; fileRef = 2C70175E24BA4DEF008D9EF5 /* HomeScreen.storyboard */; };
		2C70176324BA5651008D9EF5 /* Cuprum-Bold.ttf in Resources */ = {isa = PBXBuildFile; fileRef = 2C70176224BA5650008D9EF5 /* Cuprum-Bold.ttf */; };
		2C70176B24BBC6E2008D9EF5 /* GoogleService-Info.plist in Resources */ = {isa = PBXBuildFile; fileRef = 2C70176A24BBC6E2008D9EF5 /* GoogleService-Info.plist */; };
		2C796E6724B543FA00D83304 /* MovieDetailViewController.swift in Sources */ = {isa = PBXBuildFile; fileRef = 2C796E6624B543FA00D83304 /* MovieDetailViewController.swift */; };
		2C796E9224B87D8D00D83304 /* Teko-Regular.ttf in Resources */ = {isa = PBXBuildFile; fileRef = 2C796E9024B87D8D00D83304 /* Teko-Regular.ttf */; };
		2C796E9324B87D8D00D83304 /* Teko-Light.ttf in Resources */ = {isa = PBXBuildFile; fileRef = 2C796E9124B87D8D00D83304 /* Teko-Light.ttf */; };
		2CA0826E24B33B6300B5D6A3 /* AppDelegate.swift in Sources */ = {isa = PBXBuildFile; fileRef = 2CA0826D24B33B6300B5D6A3 /* AppDelegate.swift */; };
		2CA0827024B33B6300B5D6A3 /* SceneDelegate.swift in Sources */ = {isa = PBXBuildFile; fileRef = 2CA0826F24B33B6300B5D6A3 /* SceneDelegate.swift */; };
		2CA0827524B33B6300B5D6A3 /* Main.storyboard in Resources */ = {isa = PBXBuildFile; fileRef = 2CA0827324B33B6300B5D6A3 /* Main.storyboard */; };
		2CA0827724B33B6500B5D6A3 /* Assets.xcassets in Resources */ = {isa = PBXBuildFile; fileRef = 2CA0827624B33B6500B5D6A3 /* Assets.xcassets */; };
		2CA0827A24B33B6500B5D6A3 /* LaunchScreen.storyboard in Resources */ = {isa = PBXBuildFile; fileRef = 2CA0827824B33B6500B5D6A3 /* LaunchScreen.storyboard */; };
		2CA0829124B3423700B5D6A3 /* Oswald-SemiBold.ttf in Resources */ = {isa = PBXBuildFile; fileRef = 2CA0828B24B3423600B5D6A3 /* Oswald-SemiBold.ttf */; };
		2CA0829224B3423700B5D6A3 /* Oswald-Bold.ttf in Resources */ = {isa = PBXBuildFile; fileRef = 2CA0828C24B3423600B5D6A3 /* Oswald-Bold.ttf */; };
		2CA0829324B3423700B5D6A3 /* Oswald-Light.ttf in Resources */ = {isa = PBXBuildFile; fileRef = 2CA0828D24B3423600B5D6A3 /* Oswald-Light.ttf */; };
		2CA0829424B3423700B5D6A3 /* Oswald-Medium.ttf in Resources */ = {isa = PBXBuildFile; fileRef = 2CA0828E24B3423600B5D6A3 /* Oswald-Medium.ttf */; };
		2CA0829624B3423700B5D6A3 /* Oswald-Regular.ttf in Resources */ = {isa = PBXBuildFile; fileRef = 2CA0829024B3423700B5D6A3 /* Oswald-Regular.ttf */; };
		2CA0829824B3424400B5D6A3 /* PathwayGothicOne-Regular.ttf in Resources */ = {isa = PBXBuildFile; fileRef = 2CA0829724B3424400B5D6A3 /* PathwayGothicOne-Regular.ttf */; };
		2CA082A624B34F1500B5D6A3 /* HomeViewController.swift in Sources */ = {isa = PBXBuildFile; fileRef = 2CA082A524B34F1500B5D6A3 /* HomeViewController.swift */; };
		2CA082A824B3525500B5D6A3 /* MovieCollectionViewCell.swift in Sources */ = {isa = PBXBuildFile; fileRef = 2CA082A724B3525500B5D6A3 /* MovieCollectionViewCell.swift */; };
		2CA082AA24B36AC300B5D6A3 /* Movie.swift in Sources */ = {isa = PBXBuildFile; fileRef = 2CA082A924B36AC300B5D6A3 /* Movie.swift */; };
		2CA082AC24B36C9900B5D6A3 /* Results.swift in Sources */ = {isa = PBXBuildFile; fileRef = 2CA082AB24B36C9900B5D6A3 /* Results.swift */; };
		2CA082AE24B36D2900B5D6A3 /* APIController.swift in Sources */ = {isa = PBXBuildFile; fileRef = 2CA082AD24B36D2900B5D6A3 /* APIController.swift */; };
		2CB40F0024BF918D00C63937 /* Profile.storyboard in Resources */ = {isa = PBXBuildFile; fileRef = 2CB40EFF24BF918D00C63937 /* Profile.storyboard */; };
		2CB40F0224BFAE7A00C63937 /* ProfileViewController.swift in Sources */ = {isa = PBXBuildFile; fileRef = 2CB40F0124BFAE7A00C63937 /* ProfileViewController.swift */; };
		2CB40F0624C0DAC800C63937 /* SavedMovieCollectionViewCell.swift in Sources */ = {isa = PBXBuildFile; fileRef = 2CB40F0524C0DAC800C63937 /* SavedMovieCollectionViewCell.swift */; };
		2CB40F0824C0F78C00C63937 /* DatabaseController.swift in Sources */ = {isa = PBXBuildFile; fileRef = 2CB40F0724C0F78C00C63937 /* DatabaseController.swift */; };
		2CB40F0A24C1392900C63937 /* Alert.swift in Sources */ = {isa = PBXBuildFile; fileRef = 2CB40F0924C1392900C63937 /* Alert.swift */; };
		2CB40F5424C1F85700C63937 /* SavedDetailViewController.swift in Sources */ = {isa = PBXBuildFile; fileRef = 2CB40F5324C1F85700C63937 /* SavedDetailViewController.swift */; };
		2CFC0A3524BF2F05002A78FC /* Onboarding.storyboard in Resources */ = {isa = PBXBuildFile; fileRef = 2CFC0A3424BF2F05002A78FC /* Onboarding.storyboard */; };
		2CFC0A3724BF3111002A78FC /* Play-Regular.ttf in Resources */ = {isa = PBXBuildFile; fileRef = 2CFC0A3624BF3110002A78FC /* Play-Regular.ttf */; };
		2CFC0A3924BF3122002A78FC /* Play-Bold.ttf in Resources */ = {isa = PBXBuildFile; fileRef = 2CFC0A3824BF3122002A78FC /* Play-Bold.ttf */; };
		2CFC0A3B24BF3509002A78FC /* OnboardingViewController.swift in Sources */ = {isa = PBXBuildFile; fileRef = 2CFC0A3A24BF3509002A78FC /* OnboardingViewController.swift */; };
		2CFC0A3D24BF36E4002A78FC /* OnboardingTextfield.swift in Sources */ = {isa = PBXBuildFile; fileRef = 2CFC0A3C24BF36E3002A78FC /* OnboardingTextfield.swift */; };
		2CFC0A4124BF4132002A78FC /* Constants.swift in Sources */ = {isa = PBXBuildFile; fileRef = 2CFC0A4024BF4132002A78FC /* Constants.swift */; };
		B3005616DCBA4F00E1C1C990 /* Pods_PressPlay.framework in Frameworks */ = {isa = PBXBuildFile; fileRef = 71D4DD534F8E2F2DA1A077CC /* Pods_PressPlay.framework */; };
/* End PBXBuildFile section */

/* Begin PBXFileReference section */
		2C10499224B3AFD600F32489 /* String+Extension.swift */ = {isa = PBXFileReference; lastKnownFileType = sourcecode.swift; path = "String+Extension.swift"; sourceTree = "<group>"; };
		2C10499624B490E800F32489 /* Genre.swift */ = {isa = PBXFileReference; lastKnownFileType = sourcecode.swift; path = Genre.swift; sourceTree = "<group>"; };
		2C69D1AC24B8FC8800186620 /* Cast.swift */ = {isa = PBXFileReference; lastKnownFileType = sourcecode.swift; path = Cast.swift; sourceTree = "<group>"; };
		2C69D1AE24B8FE5700186620 /* Credits.swift */ = {isa = PBXFileReference; lastKnownFileType = sourcecode.swift; path = Credits.swift; sourceTree = "<group>"; };
		2C69D1B024B9007A00186620 /* CastCollectionViewCell.swift */ = {isa = PBXFileReference; lastKnownFileType = sourcecode.swift; path = CastCollectionViewCell.swift; sourceTree = "<group>"; };
		2C69D1B524B90DC000186620 /* Search.storyboard */ = {isa = PBXFileReference; lastKnownFileType = file.storyboard; path = Search.storyboard; sourceTree = "<group>"; };
		2C69D1B724B9117100186620 /* FiraSansExtraCondensed-Regular.ttf */ = {isa = PBXFileReference; lastKnownFileType = file; path = "FiraSansExtraCondensed-Regular.ttf"; sourceTree = "<group>"; };
		2C69D1B824B9117100186620 /* FiraSansExtraCondensed-Medium.ttf */ = {isa = PBXFileReference; lastKnownFileType = file; path = "FiraSansExtraCondensed-Medium.ttf"; sourceTree = "<group>"; };
		2C69D1B924B9117200186620 /* FiraSansExtraCondensed-Light.ttf */ = {isa = PBXFileReference; lastKnownFileType = file; path = "FiraSansExtraCondensed-Light.ttf"; sourceTree = "<group>"; };
		2C70175324BA03EF008D9EF5 /* SearchViewController.swift */ = {isa = PBXFileReference; lastKnownFileType = sourcecode.swift; path = SearchViewController.swift; sourceTree = "<group>"; };
		2C70175524BA055B008D9EF5 /* SearchTableViewCell.swift */ = {isa = PBXFileReference; lastKnownFileType = sourcecode.swift; path = SearchTableViewCell.swift; sourceTree = "<group>"; };
		2C70175824BA0715008D9EF5 /* GenreConvert.swift */ = {isa = PBXFileReference; lastKnownFileType = sourcecode.swift; path = GenreConvert.swift; sourceTree = "<group>"; };
		2C70175E24BA4DEF008D9EF5 /* HomeScreen.storyboard */ = {isa = PBXFileReference; fileEncoding = 4; lastKnownFileType = file.storyboard; path = HomeScreen.storyboard; sourceTree = "<group>"; };
		2C70176224BA5650008D9EF5 /* Cuprum-Bold.ttf */ = {isa = PBXFileReference; lastKnownFileType = file; path = "Cuprum-Bold.ttf"; sourceTree = "<group>"; };
		2C70176A24BBC6E2008D9EF5 /* GoogleService-Info.plist */ = {isa = PBXFileReference; fileEncoding = 4; lastKnownFileType = text.plist.xml; path = "GoogleService-Info.plist"; sourceTree = "<group>"; };
		2C796E6624B543FA00D83304 /* MovieDetailViewController.swift */ = {isa = PBXFileReference; lastKnownFileType = sourcecode.swift; path = MovieDetailViewController.swift; sourceTree = "<group>"; };
		2C796E9024B87D8D00D83304 /* Teko-Regular.ttf */ = {isa = PBXFileReference; lastKnownFileType = file; path = "Teko-Regular.ttf"; sourceTree = "<group>"; };
		2C796E9124B87D8D00D83304 /* Teko-Light.ttf */ = {isa = PBXFileReference; lastKnownFileType = file; path = "Teko-Light.ttf"; sourceTree = "<group>"; };
		2CA0826A24B33B6300B5D6A3 /* PressPlay.app */ = {isa = PBXFileReference; explicitFileType = wrapper.application; includeInIndex = 0; path = PressPlay.app; sourceTree = BUILT_PRODUCTS_DIR; };
		2CA0826D24B33B6300B5D6A3 /* AppDelegate.swift */ = {isa = PBXFileReference; lastKnownFileType = sourcecode.swift; path = AppDelegate.swift; sourceTree = "<group>"; };
		2CA0826F24B33B6300B5D6A3 /* SceneDelegate.swift */ = {isa = PBXFileReference; lastKnownFileType = sourcecode.swift; path = SceneDelegate.swift; sourceTree = "<group>"; };
		2CA0827424B33B6300B5D6A3 /* Base */ = {isa = PBXFileReference; lastKnownFileType = file.storyboard; name = Base; path = Base.lproj/Main.storyboard; sourceTree = "<group>"; };
		2CA0827624B33B6500B5D6A3 /* Assets.xcassets */ = {isa = PBXFileReference; lastKnownFileType = folder.assetcatalog; path = Assets.xcassets; sourceTree = "<group>"; };
		2CA0827924B33B6500B5D6A3 /* Base */ = {isa = PBXFileReference; lastKnownFileType = file.storyboard; name = Base; path = Base.lproj/LaunchScreen.storyboard; sourceTree = "<group>"; };
		2CA0827B24B33B6500B5D6A3 /* Info.plist */ = {isa = PBXFileReference; lastKnownFileType = text.plist.xml; path = Info.plist; sourceTree = "<group>"; };
		2CA0828B24B3423600B5D6A3 /* Oswald-SemiBold.ttf */ = {isa = PBXFileReference; lastKnownFileType = file; path = "Oswald-SemiBold.ttf"; sourceTree = "<group>"; };
		2CA0828C24B3423600B5D6A3 /* Oswald-Bold.ttf */ = {isa = PBXFileReference; lastKnownFileType = file; path = "Oswald-Bold.ttf"; sourceTree = "<group>"; };
		2CA0828D24B3423600B5D6A3 /* Oswald-Light.ttf */ = {isa = PBXFileReference; lastKnownFileType = file; path = "Oswald-Light.ttf"; sourceTree = "<group>"; };
		2CA0828E24B3423600B5D6A3 /* Oswald-Medium.ttf */ = {isa = PBXFileReference; lastKnownFileType = file; path = "Oswald-Medium.ttf"; sourceTree = "<group>"; };
		2CA0829024B3423700B5D6A3 /* Oswald-Regular.ttf */ = {isa = PBXFileReference; lastKnownFileType = file; path = "Oswald-Regular.ttf"; sourceTree = "<group>"; };
		2CA0829724B3424400B5D6A3 /* PathwayGothicOne-Regular.ttf */ = {isa = PBXFileReference; lastKnownFileType = file; path = "PathwayGothicOne-Regular.ttf"; sourceTree = "<group>"; };
		2CA082A524B34F1500B5D6A3 /* HomeViewController.swift */ = {isa = PBXFileReference; lastKnownFileType = sourcecode.swift; path = HomeViewController.swift; sourceTree = "<group>"; };
		2CA082A724B3525500B5D6A3 /* MovieCollectionViewCell.swift */ = {isa = PBXFileReference; lastKnownFileType = sourcecode.swift; path = MovieCollectionViewCell.swift; sourceTree = "<group>"; };
		2CA082A924B36AC300B5D6A3 /* Movie.swift */ = {isa = PBXFileReference; lastKnownFileType = sourcecode.swift; path = Movie.swift; sourceTree = "<group>"; };
		2CA082AB24B36C9900B5D6A3 /* Results.swift */ = {isa = PBXFileReference; lastKnownFileType = sourcecode.swift; path = Results.swift; sourceTree = "<group>"; };
		2CA082AD24B36D2900B5D6A3 /* APIController.swift */ = {isa = PBXFileReference; lastKnownFileType = sourcecode.swift; path = APIController.swift; sourceTree = "<group>"; };
		2CB40EFF24BF918D00C63937 /* Profile.storyboard */ = {isa = PBXFileReference; lastKnownFileType = file.storyboard; path = Profile.storyboard; sourceTree = "<group>"; };
		2CB40F0124BFAE7A00C63937 /* ProfileViewController.swift */ = {isa = PBXFileReference; lastKnownFileType = sourcecode.swift; path = ProfileViewController.swift; sourceTree = "<group>"; };
		2CB40F0524C0DAC800C63937 /* SavedMovieCollectionViewCell.swift */ = {isa = PBXFileReference; lastKnownFileType = sourcecode.swift; path = SavedMovieCollectionViewCell.swift; sourceTree = "<group>"; };
		2CB40F0724C0F78C00C63937 /* DatabaseController.swift */ = {isa = PBXFileReference; lastKnownFileType = sourcecode.swift; path = DatabaseController.swift; sourceTree = "<group>"; };
		2CB40F0924C1392900C63937 /* Alert.swift */ = {isa = PBXFileReference; lastKnownFileType = sourcecode.swift; path = Alert.swift; sourceTree = "<group>"; };
		2CB40F5324C1F85700C63937 /* SavedDetailViewController.swift */ = {isa = PBXFileReference; lastKnownFileType = sourcecode.swift; path = SavedDetailViewController.swift; sourceTree = "<group>"; };
		2CFC0A3424BF2F05002A78FC /* Onboarding.storyboard */ = {isa = PBXFileReference; lastKnownFileType = file.storyboard; path = Onboarding.storyboard; sourceTree = "<group>"; };
		2CFC0A3624BF3110002A78FC /* Play-Regular.ttf */ = {isa = PBXFileReference; lastKnownFileType = file; path = "Play-Regular.ttf"; sourceTree = "<group>"; };
		2CFC0A3824BF3122002A78FC /* Play-Bold.ttf */ = {isa = PBXFileReference; lastKnownFileType = file; path = "Play-Bold.ttf"; sourceTree = "<group>"; };
		2CFC0A3A24BF3509002A78FC /* OnboardingViewController.swift */ = {isa = PBXFileReference; lastKnownFileType = sourcecode.swift; path = OnboardingViewController.swift; sourceTree = "<group>"; };
		2CFC0A3C24BF36E3002A78FC /* OnboardingTextfield.swift */ = {isa = PBXFileReference; lastKnownFileType = sourcecode.swift; path = OnboardingTextfield.swift; sourceTree = "<group>"; };
		2CFC0A4024BF4132002A78FC /* Constants.swift */ = {isa = PBXFileReference; lastKnownFileType = sourcecode.swift; path = Constants.swift; sourceTree = "<group>"; };
		71D4DD534F8E2F2DA1A077CC /* Pods_PressPlay.framework */ = {isa = PBXFileReference; explicitFileType = wrapper.framework; includeInIndex = 0; path = Pods_PressPlay.framework; sourceTree = BUILT_PRODUCTS_DIR; };
		7604A92B1E18BA45D91330CE /* Pods-PressPlay.debug.xcconfig */ = {isa = PBXFileReference; includeInIndex = 1; lastKnownFileType = text.xcconfig; name = "Pods-PressPlay.debug.xcconfig"; path = "Target Support Files/Pods-PressPlay/Pods-PressPlay.debug.xcconfig"; sourceTree = "<group>"; };
		D840A74ADC7470C4A6E4992A /* Pods-PressPlay.release.xcconfig */ = {isa = PBXFileReference; includeInIndex = 1; lastKnownFileType = text.xcconfig; name = "Pods-PressPlay.release.xcconfig"; path = "Target Support Files/Pods-PressPlay/Pods-PressPlay.release.xcconfig"; sourceTree = "<group>"; };
/* End PBXFileReference section */

/* Begin PBXFrameworksBuildPhase section */
		2CA0826724B33B6300B5D6A3 /* Frameworks */ = {
			isa = PBXFrameworksBuildPhase;
			buildActionMask = 2147483647;
			files = (
				B3005616DCBA4F00E1C1C990 /* Pods_PressPlay.framework in Frameworks */,
			);
			runOnlyForDeploymentPostprocessing = 0;
		};
/* End PBXFrameworksBuildPhase section */

/* Begin PBXGroup section */
		11281C7A291CD92FFF64E384 /* Frameworks */ = {
			isa = PBXGroup;
			children = (
				71D4DD534F8E2F2DA1A077CC /* Pods_PressPlay.framework */,
			);
			name = Frameworks;
			sourceTree = "<group>";
		};
		2C70175724BA0702008D9EF5 /* Helpers */ = {
			isa = PBXGroup;
			children = (
				2C70175824BA0715008D9EF5 /* GenreConvert.swift */,
				2CFC0A3C24BF36E3002A78FC /* OnboardingTextfield.swift */,
				2CFC0A4024BF4132002A78FC /* Constants.swift */,
				2CB40F0924C1392900C63937 /* Alert.swift */,
			);
			path = Helpers;
			sourceTree = "<group>";
		};
		2CA0826124B33B6300B5D6A3 = {
			isa = PBXGroup;
			children = (
				2CA0826C24B33B6300B5D6A3 /* PressPlay */,
				2CA0826B24B33B6300B5D6A3 /* Products */,
				BF9A4E7B12B1BE0E331D38AA /* Pods */,
				11281C7A291CD92FFF64E384 /* Frameworks */,
			);
			sourceTree = "<group>";
		};
		2CA0826B24B33B6300B5D6A3 /* Products */ = {
			isa = PBXGroup;
			children = (
				2CA0826A24B33B6300B5D6A3 /* PressPlay.app */,
			);
			name = Products;
			sourceTree = "<group>";
		};
		2CA0826C24B33B6300B5D6A3 /* PressPlay */ = {
			isa = PBXGroup;
			children = (
				2CA0828124B33C9800B5D6A3 /* Application */,
				2CA0828224B33CA900B5D6A3 /* Storyboards */,
				2CA0828824B33D0100B5D6A3 /* Networking */,
				2CA0828724B33CF900B5D6A3 /* Models */,
				2CA0828624B33CF400B5D6A3 /* Views */,
				2CA0828524B33CEE00B5D6A3 /* Controllers */,
				2CA0828424B33CE800B5D6A3 /* Fonts */,
				2C70175724BA0702008D9EF5 /* Helpers */,
				2CA0828324B33CD300B5D6A3 /* Extensions */,
			);
			path = PressPlay;
			sourceTree = "<group>";
		};
		2CA0828124B33C9800B5D6A3 /* Application */ = {
			isa = PBXGroup;
			children = (
				2CA0826D24B33B6300B5D6A3 /* AppDelegate.swift */,
				2CA0826F24B33B6300B5D6A3 /* SceneDelegate.swift */,
				2CA0827624B33B6500B5D6A3 /* Assets.xcassets */,
				2CA0827B24B33B6500B5D6A3 /* Info.plist */,
				2C70176A24BBC6E2008D9EF5 /* GoogleService-Info.plist */,
			);
			path = Application;
			sourceTree = "<group>";
		};
		2CA0828224B33CA900B5D6A3 /* Storyboards */ = {
			isa = PBXGroup;
			children = (
				2CA0827824B33B6500B5D6A3 /* LaunchScreen.storyboard */,
				2CFC0A3424BF2F05002A78FC /* Onboarding.storyboard */,
				2CA0827324B33B6300B5D6A3 /* Main.storyboard */,
				2C70175E24BA4DEF008D9EF5 /* HomeScreen.storyboard */,
				2C69D1B524B90DC000186620 /* Search.storyboard */,
				2CB40EFF24BF918D00C63937 /* Profile.storyboard */,
			);
			path = Storyboards;
			sourceTree = "<group>";
		};
		2CA0828324B33CD300B5D6A3 /* Extensions */ = {
			isa = PBXGroup;
			children = (
				2C10499224B3AFD600F32489 /* String+Extension.swift */,
			);
			path = Extensions;
			sourceTree = "<group>";
		};
		2CA0828424B33CE800B5D6A3 /* Fonts */ = {
			isa = PBXGroup;
			children = (
				2C70176224BA5650008D9EF5 /* Cuprum-Bold.ttf */,
				2C69D1B924B9117200186620 /* FiraSansExtraCondensed-Light.ttf */,
				2C69D1B824B9117100186620 /* FiraSansExtraCondensed-Medium.ttf */,
				2C69D1B724B9117100186620 /* FiraSansExtraCondensed-Regular.ttf */,
				2CA0828D24B3423600B5D6A3 /* Oswald-Light.ttf */,
				2CA0829024B3423700B5D6A3 /* Oswald-Regular.ttf */,
				2CA0828E24B3423600B5D6A3 /* Oswald-Medium.ttf */,
				2CA0828B24B3423600B5D6A3 /* Oswald-SemiBold.ttf */,
				2CA0828C24B3423600B5D6A3 /* Oswald-Bold.ttf */,
				2CA0829724B3424400B5D6A3 /* PathwayGothicOne-Regular.ttf */,
				2CFC0A3624BF3110002A78FC /* Play-Regular.ttf */,
				2CFC0A3824BF3122002A78FC /* Play-Bold.ttf */,
				2C796E9124B87D8D00D83304 /* Teko-Light.ttf */,
				2C796E9024B87D8D00D83304 /* Teko-Regular.ttf */,
			);
			path = Fonts;
			sourceTree = "<group>";
		};
		2CA0828524B33CEE00B5D6A3 /* Controllers */ = {
			isa = PBXGroup;
			children = (
				2CFC0A3A24BF3509002A78FC /* OnboardingViewController.swift */,
				2CA082A524B34F1500B5D6A3 /* HomeViewController.swift */,
				2C796E6624B543FA00D83304 /* MovieDetailViewController.swift */,
				2C70175324BA03EF008D9EF5 /* SearchViewController.swift */,
				2CB40F0124BFAE7A00C63937 /* ProfileViewController.swift */,
				2CB40F5324C1F85700C63937 /* SavedDetailViewController.swift */,
			);
			path = Controllers;
			sourceTree = "<group>";
		};
		2CA0828624B33CF400B5D6A3 /* Views */ = {
			isa = PBXGroup;
			children = (
				2CA082A724B3525500B5D6A3 /* MovieCollectionViewCell.swift */,
				2C69D1B024B9007A00186620 /* CastCollectionViewCell.swift */,
				2C70175524BA055B008D9EF5 /* SearchTableViewCell.swift */,
				2CB40F0524C0DAC800C63937 /* SavedMovieCollectionViewCell.swift */,
			);
			path = Views;
			sourceTree = "<group>";
		};
		2CA0828724B33CF900B5D6A3 /* Models */ = {
			isa = PBXGroup;
			children = (
				2CA082AB24B36C9900B5D6A3 /* Results.swift */,
				2CA082A924B36AC300B5D6A3 /* Movie.swift */,
				2C10499624B490E800F32489 /* Genre.swift */,
				2C69D1AC24B8FC8800186620 /* Cast.swift */,
				2C69D1AE24B8FE5700186620 /* Credits.swift */,
			);
			path = Models;
			sourceTree = "<group>";
		};
		2CA0828824B33D0100B5D6A3 /* Networking */ = {
			isa = PBXGroup;
			children = (
				2CA082AD24B36D2900B5D6A3 /* APIController.swift */,
				2CB40F0724C0F78C00C63937 /* DatabaseController.swift */,
			);
			path = Networking;
			sourceTree = "<group>";
		};
		BF9A4E7B12B1BE0E331D38AA /* Pods */ = {
			isa = PBXGroup;
			children = (
				7604A92B1E18BA45D91330CE /* Pods-PressPlay.debug.xcconfig */,
				D840A74ADC7470C4A6E4992A /* Pods-PressPlay.release.xcconfig */,
			);
			path = Pods;
			sourceTree = "<group>";
		};
/* End PBXGroup section */

/* Begin PBXNativeTarget section */
		2CA0826924B33B6300B5D6A3 /* PressPlay */ = {
			isa = PBXNativeTarget;
			buildConfigurationList = 2CA0827E24B33B6500B5D6A3 /* Build configuration list for PBXNativeTarget "PressPlay" */;
			buildPhases = (
				A02D6ACC64360C9446A65C41 /* [CP] Check Pods Manifest.lock */,
				2CA0826624B33B6300B5D6A3 /* Sources */,
				2CA0826724B33B6300B5D6A3 /* Frameworks */,
				2CA0826824B33B6300B5D6A3 /* Resources */,
				71E1A94D73E0438A9CB4BAF6 /* [CP] Embed Pods Frameworks */,
			);
			buildRules = (
			);
			dependencies = (
			);
			name = PressPlay;
			productName = PressPlay;
			productReference = 2CA0826A24B33B6300B5D6A3 /* PressPlay.app */;
			productType = "com.apple.product-type.application";
		};
/* End PBXNativeTarget section */

/* Begin PBXProject section */
		2CA0826224B33B6300B5D6A3 /* Project object */ = {
			isa = PBXProject;
			attributes = {
				LastSwiftUpdateCheck = 1150;
				LastUpgradeCheck = 1150;
				ORGANIZATIONNAME = "Tobi Kuyoro";
				TargetAttributes = {
					2CA0826924B33B6300B5D6A3 = {
						CreatedOnToolsVersion = 11.5;
					};
				};
			};
			buildConfigurationList = 2CA0826524B33B6300B5D6A3 /* Build configuration list for PBXProject "PressPlay" */;
			compatibilityVersion = "Xcode 9.3";
			developmentRegion = en;
			hasScannedForEncodings = 0;
			knownRegions = (
				en,
				Base,
			);
			mainGroup = 2CA0826124B33B6300B5D6A3;
			productRefGroup = 2CA0826B24B33B6300B5D6A3 /* Products */;
			projectDirPath = "";
			projectRoot = "";
			targets = (
				2CA0826924B33B6300B5D6A3 /* PressPlay */,
			);
		};
/* End PBXProject section */

/* Begin PBXResourcesBuildPhase section */
		2CA0826824B33B6300B5D6A3 /* Resources */ = {
			isa = PBXResourcesBuildPhase;
			buildActionMask = 2147483647;
			files = (
				2CA0827A24B33B6500B5D6A3 /* LaunchScreen.storyboard in Resources */,
				2CFC0A3524BF2F05002A78FC /* Onboarding.storyboard in Resources */,
				2CA0829624B3423700B5D6A3 /* Oswald-Regular.ttf in Resources */,
				2CA0829224B3423700B5D6A3 /* Oswald-Bold.ttf in Resources */,
				2C69D1BC24B9117200186620 /* FiraSansExtraCondensed-Light.ttf in Resources */,
				2C70176324BA5651008D9EF5 /* Cuprum-Bold.ttf in Resources */,
				2C796E9224B87D8D00D83304 /* Teko-Regular.ttf in Resources */,
				2CFC0A3924BF3122002A78FC /* Play-Bold.ttf in Resources */,
				2C70175F24BA4DEF008D9EF5 /* HomeScreen.storyboard in Resources */,
				2CA0829124B3423700B5D6A3 /* Oswald-SemiBold.ttf in Resources */,
				2CFC0A3724BF3111002A78FC /* Play-Regular.ttf in Resources */,
				2CA0829424B3423700B5D6A3 /* Oswald-Medium.ttf in Resources */,
				2CB40F0024BF918D00C63937 /* Profile.storyboard in Resources */,
				2C796E9324B87D8D00D83304 /* Teko-Light.ttf in Resources */,
				2CA0829324B3423700B5D6A3 /* Oswald-Light.ttf in Resources */,
				2C70176B24BBC6E2008D9EF5 /* GoogleService-Info.plist in Resources */,
				2CA0829824B3424400B5D6A3 /* PathwayGothicOne-Regular.ttf in Resources */,
				2CA0827724B33B6500B5D6A3 /* Assets.xcassets in Resources */,
				2C69D1BA24B9117200186620 /* FiraSansExtraCondensed-Regular.ttf in Resources */,
				2C69D1B624B90DC000186620 /* Search.storyboard in Resources */,
				2CA0827524B33B6300B5D6A3 /* Main.storyboard in Resources */,
				2C69D1BB24B9117200186620 /* FiraSansExtraCondensed-Medium.ttf in Resources */,
			);
			runOnlyForDeploymentPostprocessing = 0;
		};
/* End PBXResourcesBuildPhase section */

/* Begin PBXShellScriptBuildPhase section */
		71E1A94D73E0438A9CB4BAF6 /* [CP] Embed Pods Frameworks */ = {
			isa = PBXShellScriptBuildPhase;
			buildActionMask = 2147483647;
			files = (
			);
			inputFileListPaths = (
				"${PODS_ROOT}/Target Support Files/Pods-PressPlay/Pods-PressPlay-frameworks-${CONFIGURATION}-input-files.xcfilelist",
			);
			name = "[CP] Embed Pods Frameworks";
			outputFileListPaths = (
				"${PODS_ROOT}/Target Support Files/Pods-PressPlay/Pods-PressPlay-frameworks-${CONFIGURATION}-output-files.xcfilelist",
			);
			runOnlyForDeploymentPostprocessing = 0;
			shellPath = /bin/sh;
			shellScript = "\"${PODS_ROOT}/Target Support Files/Pods-PressPlay/Pods-PressPlay-frameworks.sh\"\n";
			showEnvVarsInLog = 0;
		};
		A02D6ACC64360C9446A65C41 /* [CP] Check Pods Manifest.lock */ = {
			isa = PBXShellScriptBuildPhase;
			buildActionMask = 2147483647;
			files = (
			);
			inputFileListPaths = (
			);
			inputPaths = (
				"${PODS_PODFILE_DIR_PATH}/Podfile.lock",
				"${PODS_ROOT}/Manifest.lock",
			);
			name = "[CP] Check Pods Manifest.lock";
			outputFileListPaths = (
			);
			outputPaths = (
				"$(DERIVED_FILE_DIR)/Pods-PressPlay-checkManifestLockResult.txt",
			);
			runOnlyForDeploymentPostprocessing = 0;
			shellPath = /bin/sh;
			shellScript = "diff \"${PODS_PODFILE_DIR_PATH}/Podfile.lock\" \"${PODS_ROOT}/Manifest.lock\" > /dev/null\nif [ $? != 0 ] ; then\n    # print error to STDERR\n    echo \"error: The sandbox is not in sync with the Podfile.lock. Run 'pod install' or update your CocoaPods installation.\" >&2\n    exit 1\nfi\n# This output is used by Xcode 'outputs' to avoid re-running this script phase.\necho \"SUCCESS\" > \"${SCRIPT_OUTPUT_FILE_0}\"\n";
			showEnvVarsInLog = 0;
		};
/* End PBXShellScriptBuildPhase section */

/* Begin PBXSourcesBuildPhase section */
		2CA0826624B33B6300B5D6A3 /* Sources */ = {
			isa = PBXSourcesBuildPhase;
			buildActionMask = 2147483647;
			files = (
				2C10499724B490E800F32489 /* Genre.swift in Sources */,
				2CFC0A4124BF4132002A78FC /* Constants.swift in Sources */,
				2CB40F0224BFAE7A00C63937 /* ProfileViewController.swift in Sources */,
				2CB40F0A24C1392900C63937 /* Alert.swift in Sources */,
				2C69D1B124B9007A00186620 /* CastCollectionViewCell.swift in Sources */,
				2C10499324B3AFD600F32489 /* String+Extension.swift in Sources */,
				2CFC0A3B24BF3509002A78FC /* OnboardingViewController.swift in Sources */,
				2CA082AE24B36D2900B5D6A3 /* APIController.swift in Sources */,
				2CA082AC24B36C9900B5D6A3 /* Results.swift in Sources */,
				2CA082A824B3525500B5D6A3 /* MovieCollectionViewCell.swift in Sources */,
				2CB40F0624C0DAC800C63937 /* SavedMovieCollectionViewCell.swift in Sources */,
				2CA0826E24B33B6300B5D6A3 /* AppDelegate.swift in Sources */,
				2C796E6724B543FA00D83304 /* MovieDetailViewController.swift in Sources */,
				2C70175424BA03EF008D9EF5 /* SearchViewController.swift in Sources */,
				2CFC0A3D24BF36E4002A78FC /* OnboardingTextfield.swift in Sources */,
				2CB40F5424C1F85700C63937 /* SavedDetailViewController.swift in Sources */,
				2C70175624BA055B008D9EF5 /* SearchTableViewCell.swift in Sources */,
				2CA0827024B33B6300B5D6A3 /* SceneDelegate.swift in Sources */,
				2CB40F0824C0F78C00C63937 /* DatabaseController.swift in Sources */,
				2C69D1AD24B8FC8800186620 /* Cast.swift in Sources */,
				2CA082A624B34F1500B5D6A3 /* HomeViewController.swift in Sources */,
				2C69D1AF24B8FE5700186620 /* Credits.swift in Sources */,
				2CA082AA24B36AC300B5D6A3 /* Movie.swift in Sources */,
				2C70175924BA0715008D9EF5 /* GenreConvert.swift in Sources */,
			);
			runOnlyForDeploymentPostprocessing = 0;
		};
/* End PBXSourcesBuildPhase section */

/* Begin PBXVariantGroup section */
		2CA0827324B33B6300B5D6A3 /* Main.storyboard */ = {
			isa = PBXVariantGroup;
			children = (
				2CA0827424B33B6300B5D6A3 /* Base */,
			);
			name = Main.storyboard;
			sourceTree = "<group>";
		};
		2CA0827824B33B6500B5D6A3 /* LaunchScreen.storyboard */ = {
			isa = PBXVariantGroup;
			children = (
				2CA0827924B33B6500B5D6A3 /* Base */,
			);
			name = LaunchScreen.storyboard;
			sourceTree = "<group>";
		};
/* End PBXVariantGroup section */

/* Begin XCBuildConfiguration section */
		2CA0827C24B33B6500B5D6A3 /* Debug */ = {
			isa = XCBuildConfiguration;
			buildSettings = {
				ALWAYS_SEARCH_USER_PATHS = NO;
				CLANG_ANALYZER_NONNULL = YES;
				CLANG_ANALYZER_NUMBER_OBJECT_CONVERSION = YES_AGGRESSIVE;
				CLANG_CXX_LANGUAGE_STANDARD = "gnu++14";
				CLANG_CXX_LIBRARY = "libc++";
				CLANG_ENABLE_MODULES = YES;
				CLANG_ENABLE_OBJC_ARC = YES;
				CLANG_ENABLE_OBJC_WEAK = YES;
				CLANG_WARN_BLOCK_CAPTURE_AUTORELEASING = YES;
				CLANG_WARN_BOOL_CONVERSION = YES;
				CLANG_WARN_COMMA = YES;
				CLANG_WARN_CONSTANT_CONVERSION = YES;
				CLANG_WARN_DEPRECATED_OBJC_IMPLEMENTATIONS = YES;
				CLANG_WARN_DIRECT_OBJC_ISA_USAGE = YES_ERROR;
				CLANG_WARN_DOCUMENTATION_COMMENTS = YES;
				CLANG_WARN_EMPTY_BODY = YES;
				CLANG_WARN_ENUM_CONVERSION = YES;
				CLANG_WARN_INFINITE_RECURSION = YES;
				CLANG_WARN_INT_CONVERSION = YES;
				CLANG_WARN_NON_LITERAL_NULL_CONVERSION = YES;
				CLANG_WARN_OBJC_IMPLICIT_RETAIN_SELF = YES;
				CLANG_WARN_OBJC_LITERAL_CONVERSION = YES;
				CLANG_WARN_OBJC_ROOT_CLASS = YES_ERROR;
				CLANG_WARN_RANGE_LOOP_ANALYSIS = YES;
				CLANG_WARN_STRICT_PROTOTYPES = YES;
				CLANG_WARN_SUSPICIOUS_MOVE = YES;
				CLANG_WARN_UNGUARDED_AVAILABILITY = YES_AGGRESSIVE;
				CLANG_WARN_UNREACHABLE_CODE = YES;
				CLANG_WARN__DUPLICATE_METHOD_MATCH = YES;
				COPY_PHASE_STRIP = NO;
				DEBUG_INFORMATION_FORMAT = dwarf;
				ENABLE_STRICT_OBJC_MSGSEND = YES;
				ENABLE_TESTABILITY = YES;
				GCC_C_LANGUAGE_STANDARD = gnu11;
				GCC_DYNAMIC_NO_PIC = NO;
				GCC_NO_COMMON_BLOCKS = YES;
				GCC_OPTIMIZATION_LEVEL = 0;
				GCC_PREPROCESSOR_DEFINITIONS = (
					"DEBUG=1",
					"$(inherited)",
				);
				GCC_WARN_64_TO_32_BIT_CONVERSION = YES;
				GCC_WARN_ABOUT_RETURN_TYPE = YES_ERROR;
				GCC_WARN_UNDECLARED_SELECTOR = YES;
				GCC_WARN_UNINITIALIZED_AUTOS = YES_AGGRESSIVE;
				GCC_WARN_UNUSED_FUNCTION = YES;
				GCC_WARN_UNUSED_VARIABLE = YES;
				IPHONEOS_DEPLOYMENT_TARGET = 13.5;
				MTL_ENABLE_DEBUG_INFO = INCLUDE_SOURCE;
				MTL_FAST_MATH = YES;
				ONLY_ACTIVE_ARCH = YES;
				SDKROOT = iphoneos;
				SWIFT_ACTIVE_COMPILATION_CONDITIONS = DEBUG;
				SWIFT_OPTIMIZATION_LEVEL = "-Onone";
			};
			name = Debug;
		};
		2CA0827D24B33B6500B5D6A3 /* Release */ = {
			isa = XCBuildConfiguration;
			buildSettings = {
				ALWAYS_SEARCH_USER_PATHS = NO;
				CLANG_ANALYZER_NONNULL = YES;
				CLANG_ANALYZER_NUMBER_OBJECT_CONVERSION = YES_AGGRESSIVE;
				CLANG_CXX_LANGUAGE_STANDARD = "gnu++14";
				CLANG_CXX_LIBRARY = "libc++";
				CLANG_ENABLE_MODULES = YES;
				CLANG_ENABLE_OBJC_ARC = YES;
				CLANG_ENABLE_OBJC_WEAK = YES;
				CLANG_WARN_BLOCK_CAPTURE_AUTORELEASING = YES;
				CLANG_WARN_BOOL_CONVERSION = YES;
				CLANG_WARN_COMMA = YES;
				CLANG_WARN_CONSTANT_CONVERSION = YES;
				CLANG_WARN_DEPRECATED_OBJC_IMPLEMENTATIONS = YES;
				CLANG_WARN_DIRECT_OBJC_ISA_USAGE = YES_ERROR;
				CLANG_WARN_DOCUMENTATION_COMMENTS = YES;
				CLANG_WARN_EMPTY_BODY = YES;
				CLANG_WARN_ENUM_CONVERSION = YES;
				CLANG_WARN_INFINITE_RECURSION = YES;
				CLANG_WARN_INT_CONVERSION = YES;
				CLANG_WARN_NON_LITERAL_NULL_CONVERSION = YES;
				CLANG_WARN_OBJC_IMPLICIT_RETAIN_SELF = YES;
				CLANG_WARN_OBJC_LITERAL_CONVERSION = YES;
				CLANG_WARN_OBJC_ROOT_CLASS = YES_ERROR;
				CLANG_WARN_RANGE_LOOP_ANALYSIS = YES;
				CLANG_WARN_STRICT_PROTOTYPES = YES;
				CLANG_WARN_SUSPICIOUS_MOVE = YES;
				CLANG_WARN_UNGUARDED_AVAILABILITY = YES_AGGRESSIVE;
				CLANG_WARN_UNREACHABLE_CODE = YES;
				CLANG_WARN__DUPLICATE_METHOD_MATCH = YES;
				COPY_PHASE_STRIP = NO;
				DEBUG_INFORMATION_FORMAT = "dwarf-with-dsym";
				ENABLE_NS_ASSERTIONS = NO;
				ENABLE_STRICT_OBJC_MSGSEND = YES;
				GCC_C_LANGUAGE_STANDARD = gnu11;
				GCC_NO_COMMON_BLOCKS = YES;
				GCC_WARN_64_TO_32_BIT_CONVERSION = YES;
				GCC_WARN_ABOUT_RETURN_TYPE = YES_ERROR;
				GCC_WARN_UNDECLARED_SELECTOR = YES;
				GCC_WARN_UNINITIALIZED_AUTOS = YES_AGGRESSIVE;
				GCC_WARN_UNUSED_FUNCTION = YES;
				GCC_WARN_UNUSED_VARIABLE = YES;
				IPHONEOS_DEPLOYMENT_TARGET = 13.5;
				MTL_ENABLE_DEBUG_INFO = NO;
				MTL_FAST_MATH = YES;
				SDKROOT = iphoneos;
				SWIFT_COMPILATION_MODE = wholemodule;
				SWIFT_OPTIMIZATION_LEVEL = "-O";
				VALIDATE_PRODUCT = YES;
			};
			name = Release;
		};
		2CA0827F24B33B6500B5D6A3 /* Debug */ = {
			isa = XCBuildConfiguration;
			baseConfigurationReference = 7604A92B1E18BA45D91330CE /* Pods-PressPlay.debug.xcconfig */;
			buildSettings = {
				ASSETCATALOG_COMPILER_APPICON_NAME = AppIcon;
				CODE_SIGN_STYLE = Automatic;
				DEVELOPMENT_TEAM = W485VTCC9R;
				INFOPLIST_FILE = PressPlay/Application/Info.plist;
				LD_RUNPATH_SEARCH_PATHS = (
					"$(inherited)",
					"@executable_path/Frameworks",
				);
				PRODUCT_BUNDLE_IDENTIFIER = com.tobikuyoro.PressPlay;
				PRODUCT_NAME = "$(TARGET_NAME)";
				SWIFT_VERSION = 5.0;
				TARGETED_DEVICE_FAMILY = "1,2";
			};
			name = Debug;
		};
		2CA0828024B33B6500B5D6A3 /* Release */ = {
			isa = XCBuildConfiguration;
			baseConfigurationReference = D840A74ADC7470C4A6E4992A /* Pods-PressPlay.release.xcconfig */;
			buildSettings = {
				ASSETCATALOG_COMPILER_APPICON_NAME = AppIcon;
				CODE_SIGN_STYLE = Automatic;
				DEVELOPMENT_TEAM = W485VTCC9R;
				INFOPLIST_FILE = PressPlay/Application/Info.plist;
				LD_RUNPATH_SEARCH_PATHS = (
					"$(inherited)",
					"@executable_path/Frameworks",
				);
				PRODUCT_BUNDLE_IDENTIFIER = com.tobikuyoro.PressPlay;
				PRODUCT_NAME = "$(TARGET_NAME)";
				SWIFT_VERSION = 5.0;
				TARGETED_DEVICE_FAMILY = "1,2";
			};
			name = Release;
		};
/* End XCBuildConfiguration section */

/* Begin XCConfigurationList section */
		2CA0826524B33B6300B5D6A3 /* Build configuration list for PBXProject "PressPlay" */ = {
			isa = XCConfigurationList;
			buildConfigurations = (
				2CA0827C24B33B6500B5D6A3 /* Debug */,
				2CA0827D24B33B6500B5D6A3 /* Release */,
			);
			defaultConfigurationIsVisible = 0;
			defaultConfigurationName = Release;
		};
		2CA0827E24B33B6500B5D6A3 /* Build configuration list for PBXNativeTarget "PressPlay" */ = {
			isa = XCConfigurationList;
			buildConfigurations = (
				2CA0827F24B33B6500B5D6A3 /* Debug */,
				2CA0828024B33B6500B5D6A3 /* Release */,
			);
			defaultConfigurationIsVisible = 0;
			defaultConfigurationName = Release;
		};
/* End XCConfigurationList section */
	};
	rootObject = 2CA0826224B33B6300B5D6A3 /* Project object */;
}
